
Microsoft Visual Studio Solution File, Format Version 12.00
# Visual Studio Version 16
VisualStudioVersion = 16.0.30114.105
MinimumVisualStudioVersion = 10.0.40219.1
Project("{FAE04EC0-301F-11D3-BF4B-00C04F79EFBC}") = "DigitalLibrary.Application", "DigitalLibrary.Application\DigitalLibrary.Application.csproj", "{AFC7C67E-9F66-4656-8CF4-AAB66671F447}"
EndProject
Project("{FAE04EC0-301F-11D3-BF4B-00C04F79EFBC}") = "DigitalLibrary.Domain", "DigitalLibrary.Domain\DigitalLibrary.Domain.csproj", "{E41B9A65-A4AF-428C-9A7A-AE8C4318AA32}"
EndProject
Project("{FAE04EC0-301F-11D3-BF4B-00C04F79EFBC}") = "DigitalLibrary.Infrastructure", "DigitalLibrary.Infrastructure\DigitalLibrary.Infrastructure.csproj", "{785A7096-9E46-4C17-9B38-037AA5660FF4}"
EndProject
Project("{FAE04EC0-301F-11D3-BF4B-00C04F79EFBC}") = "DigitalLibrary.WebApi", "DigitalLibrary.WebApi\DigitalLibrary.WebApi.csproj", "{A9F0F237-0328-4F24-9DF1-D165AD65058B}"
EndProject
Project("{FAE04EC0-301F-11D3-BF4B-00C04F79EFBC}") = "DigitalLibrary.Tests", "DigitalLibrary.Tests\DigitalLibrary.Tests.csproj", "{3B31D102-87C3-4F16-BD78-2D2E7CBF66C0}"
EndProject
Global
	GlobalSection(SolutionConfigurationPlatforms) = preSolution
		Debug|Any CPU = Debug|Any CPU
		Release|Any CPU = Release|Any CPU
	EndGlobalSection
	GlobalSection(SolutionProperties) = preSolution
		HideSolutionNode = FALSE
	EndGlobalSection
	GlobalSection(ProjectConfigurationPlatforms) = postSolution
		{AFC7C67E-9F66-4656-8CF4-AAB66671F447}.Debug|Any CPU.ActiveCfg = Debug|Any CPU
		{AFC7C67E-9F66-4656-8CF4-AAB66671F447}.Debug|Any CPU.Build.0 = Debug|Any CPU
		{AFC7C67E-9F66-4656-8CF4-AAB66671F447}.Release|Any CPU.ActiveCfg = Release|Any CPU
		{AFC7C67E-9F66-4656-8CF4-AAB66671F447}.Release|Any CPU.Build.0 = Release|Any CPU
		{E41B9A65-A4AF-428C-9A7A-AE8C4318AA32}.Debug|Any CPU.ActiveCfg = Debug|Any CPU
		{E41B9A65-A4AF-428C-9A7A-AE8C4318AA32}.Debug|Any CPU.Build.0 = Debug|Any CPU
		{E41B9A65-A4AF-428C-9A7A-AE8C4318AA32}.Release|Any CPU.ActiveCfg = Release|Any CPU
		{E41B9A65-A4AF-428C-9A7A-AE8C4318AA32}.Release|Any CPU.Build.0 = Release|Any CPU
		{785A7096-9E46-4C17-9B38-037AA5660FF4}.Debug|Any CPU.ActiveCfg = Debug|Any CPU
		{785A7096-9E46-4C17-9B38-037AA5660FF4}.Debug|Any CPU.Build.0 = Debug|Any CPU
		{785A7096-9E46-4C17-9B38-037AA5660FF4}.Release|Any CPU.ActiveCfg = Release|Any CPU
		{785A7096-9E46-4C17-9B38-037AA5660FF4}.Release|Any CPU.Build.0 = Release|Any CPU
		{A9F0F237-0328-4F24-9DF1-D165AD65058B}.Debug|Any CPU.ActiveCfg = Debug|Any CPU
		{A9F0F237-0328-4F24-9DF1-D165AD65058B}.Debug|Any CPU.Build.0 = Debug|Any CPU
		{A9F0F237-0328-4F24-9DF1-D165AD65058B}.Release|Any CPU.ActiveCfg = Release|Any CPU
		{A9F0F237-0328-4F24-9DF1-D165AD65058B}.Release|Any CPU.Build.0 = Release|Any CPU
		{3B31D102-87C3-4F16-BD78-2D2E7CBF66C0}.Debug|Any CPU.ActiveCfg = Debug|Any CPU
		{3B31D102-87C3-4F16-BD78-2D2E7CBF66C0}.Debug|Any CPU.Build.0 = Debug|Any CPU
		{3B31D102-87C3-4F16-BD78-2D2E7CBF66C0}.Release|Any CPU.ActiveCfg = Release|Any CPU
		{3B31D102-87C3-4F16-BD78-2D2E7CBF66C0}.Release|Any CPU.Build.0 = Release|Any CPU
	EndGlobalSection
EndGlobal
